
Microsoft Visual Studio Solution File, Format Version 12.00
Project("{FAE04EC0-301F-11D3-BF4B-00C04F79EFBC}") = "Marketplace.Angular", "Marketplace.Angular\Marketplace.Angular.csproj", "{7E2E40C7-1781-440E-A713-122C49DD18E5}"
EndProject
Project("{FAE04EC0-301F-11D3-BF4B-00C04F79EFBC}") = "Marketplace.BaseLibrary", "Marketplace.BaseLibrary\Marketplace.BaseLibrary.csproj", "{22A60036-3B5D-4786-9448-6A782CF3D382}"
EndProject
Project("{FAE04EC0-301F-11D3-BF4B-00C04F79EFBC}") = "Marketplace.LoggerService", "Marketplace.LoggerService\Marketplace.LoggerService.csproj", "{97F51A5F-CDD1-49E0-B16B-6A03D472B15F}"
	ProjectSection(ProjectDependencies) = postProject
		{22A60036-3B5D-4786-9448-6A782CF3D382} = {22A60036-3B5D-4786-9448-6A782CF3D382}
	EndProjectSection
EndProject
Project("{2150E333-8FDC-42A3-9474-1A3956D46DE8}") = "BusinessLogic", "BusinessLogic", "{6E766172-C1F6-4A16-862E-9B81AC625F8D}"
EndProject
Project("{FAE04EC0-301F-11D3-BF4B-00C04F79EFBC}") = "Marketplace.ProductService", "Marketplace.ProductService\Marketplace.ProductService.csproj", "{2425DD36-0AF8-46EA-AACB-6A5B87A223C7}"
EndProject
Project("{2150E333-8FDC-42A3-9474-1A3956D46DE8}") = "Infrastructure", "Infrastructure", "{828E5174-3A11-426B-B595-C616580C8570}"
EndProject
Project("{2150E333-8FDC-42A3-9474-1A3956D46DE8}") = "Base", "Base", "{FC8699FD-3E99-4CC5-BD8C-17B68BD59B72}"
EndProject
Project("{FAE04EC0-301F-11D3-BF4B-00C04F79EFBC}") = "Marketplace.SettingsService", "Marketplace.SettingsService\Marketplace.SettingsService.csproj", "{A5955B44-3838-4A4F-A3FE-5B1DD75E257E}"
EndProject
Project("{FAE04EC0-301F-11D3-BF4B-00C04F79EFBC}") = "Marketplace.ApiGateway", "Marketplace.ApiGateway\Marketplace.ApiGateway.csproj", "{5B5A2A9D-945B-4AAF-BE1A-2C1B4060BBF0}"
EndProject
Global
	GlobalSection(SolutionConfigurationPlatforms) = preSolution
		Debug|Any CPU = Debug|Any CPU
		Release|Any CPU = Release|Any CPU
	EndGlobalSection
	GlobalSection(ProjectConfigurationPlatforms) = postSolution
		{7E2E40C7-1781-440E-A713-122C49DD18E5}.Debug|Any CPU.ActiveCfg = Debug|Any CPU
		{7E2E40C7-1781-440E-A713-122C49DD18E5}.Debug|Any CPU.Build.0 = Debug|Any CPU
		{7E2E40C7-1781-440E-A713-122C49DD18E5}.Release|Any CPU.ActiveCfg = Release|Any CPU
		{7E2E40C7-1781-440E-A713-122C49DD18E5}.Release|Any CPU.Build.0 = Release|Any CPU
		{22A60036-3B5D-4786-9448-6A782CF3D382}.Debug|Any CPU.ActiveCfg = Debug|Any CPU
		{22A60036-3B5D-4786-9448-6A782CF3D382}.Debug|Any CPU.Build.0 = Debug|Any CPU
		{22A60036-3B5D-4786-9448-6A782CF3D382}.Release|Any CPU.ActiveCfg = Release|Any CPU
		{22A60036-3B5D-4786-9448-6A782CF3D382}.Release|Any CPU.Build.0 = Release|Any CPU
		{97F51A5F-CDD1-49E0-B16B-6A03D472B15F}.Debug|Any CPU.ActiveCfg = Debug|Any CPU
		{97F51A5F-CDD1-49E0-B16B-6A03D472B15F}.Debug|Any CPU.Build.0 = Debug|Any CPU
		{97F51A5F-CDD1-49E0-B16B-6A03D472B15F}.Release|Any CPU.ActiveCfg = Release|Any CPU
		{97F51A5F-CDD1-49E0-B16B-6A03D472B15F}.Release|Any CPU.Build.0 = Release|Any CPU
		{2425DD36-0AF8-46EA-AACB-6A5B87A223C7}.Debug|Any CPU.ActiveCfg = Debug|Any CPU
		{2425DD36-0AF8-46EA-AACB-6A5B87A223C7}.Debug|Any CPU.Build.0 = Debug|Any CPU
		{2425DD36-0AF8-46EA-AACB-6A5B87A223C7}.Release|Any CPU.ActiveCfg = Release|Any CPU
		{2425DD36-0AF8-46EA-AACB-6A5B87A223C7}.Release|Any CPU.Build.0 = Release|Any CPU
		{A5955B44-3838-4A4F-A3FE-5B1DD75E257E}.Debug|Any CPU.ActiveCfg = Debug|Any CPU
		{A5955B44-3838-4A4F-A3FE-5B1DD75E257E}.Debug|Any CPU.Build.0 = Debug|Any CPU
		{A5955B44-3838-4A4F-A3FE-5B1DD75E257E}.Release|Any CPU.ActiveCfg = Release|Any CPU
		{A5955B44-3838-4A4F-A3FE-5B1DD75E257E}.Release|Any CPU.Build.0 = Release|Any CPU
		{5B5A2A9D-945B-4AAF-BE1A-2C1B4060BBF0}.Debug|Any CPU.ActiveCfg = Debug|Any CPU
		{5B5A2A9D-945B-4AAF-BE1A-2C1B4060BBF0}.Debug|Any CPU.Build.0 = Debug|Any CPU
		{5B5A2A9D-945B-4AAF-BE1A-2C1B4060BBF0}.Release|Any CPU.ActiveCfg = Release|Any CPU
		{5B5A2A9D-945B-4AAF-BE1A-2C1B4060BBF0}.Release|Any CPU.Build.0 = Release|Any CPU
	EndGlobalSection
	GlobalSection(NestedProjects) = preSolution
		{2425DD36-0AF8-46EA-AACB-6A5B87A223C7} = {6E766172-C1F6-4A16-862E-9B81AC625F8D}
		{FC8699FD-3E99-4CC5-BD8C-17B68BD59B72} = {828E5174-3A11-426B-B595-C616580C8570}
		{97F51A5F-CDD1-49E0-B16B-6A03D472B15F} = {FC8699FD-3E99-4CC5-BD8C-17B68BD59B72}
		{A5955B44-3838-4A4F-A3FE-5B1DD75E257E} = {FC8699FD-3E99-4CC5-BD8C-17B68BD59B72}
		{5B5A2A9D-945B-4AAF-BE1A-2C1B4060BBF0} = {FC8699FD-3E99-4CC5-BD8C-17B68BD59B72}
	EndGlobalSection
EndGlobal
