
Microsoft Visual Studio Solution File, Format Version 12.00
Project("{FAE04EC0-301F-11D3-BF4B-00C04F79EFBC}") = "Marketplace.WebApi", "Marketplace.WebApi\Marketplace.WebApi.csproj", "{7176196F-4A99-4E09-8E67-F43AA9164DAD}"
EndProject
Project("{FAE04EC0-301F-11D3-BF4B-00C04F79EFBC}") = "Marketplace.Angular", "Marketplace.Angular\Marketplace.Angular.csproj", "{7E2E40C7-1781-440E-A713-122C49DD18E5}"
EndProject
Global
	GlobalSection(SolutionConfigurationPlatforms) = preSolution
		Debug|Any CPU = Debug|Any CPU
		Release|Any CPU = Release|Any CPU
	EndGlobalSection
	GlobalSection(ProjectConfigurationPlatforms) = postSolution
		{7176196F-4A99-4E09-8E67-F43AA9164DAD}.Debug|Any CPU.ActiveCfg = Debug|Any CPU
		{7176196F-4A99-4E09-8E67-F43AA9164DAD}.Debug|Any CPU.Build.0 = Debug|Any CPU
		{7176196F-4A99-4E09-8E67-F43AA9164DAD}.Release|Any CPU.ActiveCfg = Release|Any CPU
		{7176196F-4A99-4E09-8E67-F43AA9164DAD}.Release|Any CPU.Build.0 = Release|Any CPU
		{7E2E40C7-1781-440E-A713-122C49DD18E5}.Debug|Any CPU.ActiveCfg = Debug|Any CPU
		{7E2E40C7-1781-440E-A713-122C49DD18E5}.Debug|Any CPU.Build.0 = Debug|Any CPU
		{7E2E40C7-1781-440E-A713-122C49DD18E5}.Release|Any CPU.ActiveCfg = Release|Any CPU
		{7E2E40C7-1781-440E-A713-122C49DD18E5}.Release|Any CPU.Build.0 = Release|Any CPU
	EndGlobalSection
EndGlobal
